
Microsoft Visual Studio Solution File, Format Version 12.00
Project("{2150E333-8FDC-42A3-9474-1A3956D46DE8}") = "Test", "Test", "{53715D24-2A26-4C0F-BAF0-646B620AF1C0}"
EndProject
Project("{FAE04EC0-301F-11D3-BF4B-00C04F79EFBC}") = "Papillon.CQRS.Abstractions", "Papillon.CQRS.Abstractions\Papillon.CQRS.Abstractions.csproj", "{116D95B1-EF64-498C-95A5-2A83600247C8}"
EndProject
Project("{FAE04EC0-301F-11D3-BF4B-00C04F79EFBC}") = "Papillon.CQRS", "Papillon.CQRS\Papillon.CQRS.csproj", "{B6982E8A-3817-4A2F-AC2E-202CE0FC2A0D}"
EndProject
Project("{FAE04EC0-301F-11D3-BF4B-00C04F79EFBC}") = "Papillon.CQRS.Test", "..\tests\Papillon.CQRS.Test\Papillon.CQRS.Test.csproj", "{5FB6243D-1544-45C6-AC7B-6F549FB579A5}"
EndProject
Global
	GlobalSection(SolutionConfigurationPlatforms) = preSolution
		Debug|Any CPU = Debug|Any CPU
		Release|Any CPU = Release|Any CPU
	EndGlobalSection
	GlobalSection(ProjectConfigurationPlatforms) = postSolution
		{116D95B1-EF64-498C-95A5-2A83600247C8}.Debug|Any CPU.ActiveCfg = Debug|Any CPU
		{116D95B1-EF64-498C-95A5-2A83600247C8}.Debug|Any CPU.Build.0 = Debug|Any CPU
		{116D95B1-EF64-498C-95A5-2A83600247C8}.Release|Any CPU.ActiveCfg = Release|Any CPU
		{116D95B1-EF64-498C-95A5-2A83600247C8}.Release|Any CPU.Build.0 = Release|Any CPU
		{B6982E8A-3817-4A2F-AC2E-202CE0FC2A0D}.Debug|Any CPU.ActiveCfg = Debug|Any CPU
		{B6982E8A-3817-4A2F-AC2E-202CE0FC2A0D}.Debug|Any CPU.Build.0 = Debug|Any CPU
		{B6982E8A-3817-4A2F-AC2E-202CE0FC2A0D}.Release|Any CPU.ActiveCfg = Release|Any CPU
		{B6982E8A-3817-4A2F-AC2E-202CE0FC2A0D}.Release|Any CPU.Build.0 = Release|Any CPU
		{5FB6243D-1544-45C6-AC7B-6F549FB579A5}.Debug|Any CPU.ActiveCfg = Debug|Any CPU
		{5FB6243D-1544-45C6-AC7B-6F549FB579A5}.Debug|Any CPU.Build.0 = Debug|Any CPU
		{5FB6243D-1544-45C6-AC7B-6F549FB579A5}.Release|Any CPU.ActiveCfg = Release|Any CPU
		{5FB6243D-1544-45C6-AC7B-6F549FB579A5}.Release|Any CPU.Build.0 = Release|Any CPU
	EndGlobalSection
	GlobalSection(NestedProjects) = preSolution
		{5FB6243D-1544-45C6-AC7B-6F549FB579A5} = {53715D24-2A26-4C0F-BAF0-646B620AF1C0}
	EndGlobalSection
EndGlobal
